
Microsoft Visual Studio Solution File, Format Version 12.00
# Visual Studio Version 16
VisualStudioVersion = 16.0.28803.352
MinimumVisualStudioVersion = 10.0.40219.1
Project("{FAE04EC0-301F-11D3-BF4B-00C04F79EFBC}") = "OOP", "OOP\OOP.csproj", "{290C9C76-51FA-4EC6-BCAF-329BCB083039}"
EndProject
Project("{FAE04EC0-301F-11D3-BF4B-00C04F79EFBC}") = "Wantsome-Week-04", "Wantsome-Week-04\Wantsome-Week-04.csproj", "{A14D48BA-4026-4582-9116-51DF0604A129}"
EndProject
Project("{FAE04EC0-301F-11D3-BF4B-00C04F79EFBC}") = "HotelApp", "HotelApp\HotelApp.csproj", "{F1E75139-4575-46E1-A99F-E26C1A85963E}"
EndProject
Project("{FAE04EC0-301F-11D3-BF4B-00C04F79EFBC}") = "PizzaApp", "PizzaApp\PizzaApp.csproj", "{EEC0C904-0EA2-498E-8A36-815752E98308}"
EndProject
Project("{FAE04EC0-301F-11D3-BF4B-00C04F79EFBC}") = "Telerik Defining Classes", "Telerik Defining Classes\Telerik Defining Classes.csproj", "{6A4B978A-66F5-433A-A389-6C64B8907141}"
EndProject
Project("{FAE04EC0-301F-11D3-BF4B-00C04F79EFBC}") = "OOP2", "OOP2\OOP2.csproj", "{48809952-2A1C-4AD2-8990-645133FD20E6}"
EndProject
Global
	GlobalSection(SolutionConfigurationPlatforms) = preSolution
		Debug|Any CPU = Debug|Any CPU
		Release|Any CPU = Release|Any CPU
	EndGlobalSection
	GlobalSection(ProjectConfigurationPlatforms) = postSolution
		{290C9C76-51FA-4EC6-BCAF-329BCB083039}.Debug|Any CPU.ActiveCfg = Debug|Any CPU
		{290C9C76-51FA-4EC6-BCAF-329BCB083039}.Debug|Any CPU.Build.0 = Debug|Any CPU
		{290C9C76-51FA-4EC6-BCAF-329BCB083039}.Release|Any CPU.ActiveCfg = Release|Any CPU
		{290C9C76-51FA-4EC6-BCAF-329BCB083039}.Release|Any CPU.Build.0 = Release|Any CPU
		{A14D48BA-4026-4582-9116-51DF0604A129}.Debug|Any CPU.ActiveCfg = Debug|Any CPU
		{A14D48BA-4026-4582-9116-51DF0604A129}.Debug|Any CPU.Build.0 = Debug|Any CPU
		{A14D48BA-4026-4582-9116-51DF0604A129}.Release|Any CPU.ActiveCfg = Release|Any CPU
		{A14D48BA-4026-4582-9116-51DF0604A129}.Release|Any CPU.Build.0 = Release|Any CPU
		{F1E75139-4575-46E1-A99F-E26C1A85963E}.Debug|Any CPU.ActiveCfg = Debug|Any CPU
		{F1E75139-4575-46E1-A99F-E26C1A85963E}.Debug|Any CPU.Build.0 = Debug|Any CPU
		{F1E75139-4575-46E1-A99F-E26C1A85963E}.Release|Any CPU.ActiveCfg = Release|Any CPU
		{F1E75139-4575-46E1-A99F-E26C1A85963E}.Release|Any CPU.Build.0 = Release|Any CPU
		{EEC0C904-0EA2-498E-8A36-815752E98308}.Debug|Any CPU.ActiveCfg = Debug|Any CPU
		{EEC0C904-0EA2-498E-8A36-815752E98308}.Debug|Any CPU.Build.0 = Debug|Any CPU
		{EEC0C904-0EA2-498E-8A36-815752E98308}.Release|Any CPU.ActiveCfg = Release|Any CPU
		{EEC0C904-0EA2-498E-8A36-815752E98308}.Release|Any CPU.Build.0 = Release|Any CPU
		{6A4B978A-66F5-433A-A389-6C64B8907141}.Debug|Any CPU.ActiveCfg = Debug|Any CPU
		{6A4B978A-66F5-433A-A389-6C64B8907141}.Debug|Any CPU.Build.0 = Debug|Any CPU
		{6A4B978A-66F5-433A-A389-6C64B8907141}.Release|Any CPU.ActiveCfg = Release|Any CPU
		{6A4B978A-66F5-433A-A389-6C64B8907141}.Release|Any CPU.Build.0 = Release|Any CPU
		{48809952-2A1C-4AD2-8990-645133FD20E6}.Debug|Any CPU.ActiveCfg = Debug|Any CPU
		{48809952-2A1C-4AD2-8990-645133FD20E6}.Debug|Any CPU.Build.0 = Debug|Any CPU
		{48809952-2A1C-4AD2-8990-645133FD20E6}.Release|Any CPU.ActiveCfg = Release|Any CPU
		{48809952-2A1C-4AD2-8990-645133FD20E6}.Release|Any CPU.Build.0 = Release|Any CPU
	EndGlobalSection
	GlobalSection(SolutionProperties) = preSolution
		HideSolutionNode = FALSE
	EndGlobalSection
	GlobalSection(ExtensibilityGlobals) = postSolution
		SolutionGuid = {754E1F56-B9CA-42A2-8B41-3E5D134CEB45}
	EndGlobalSection
EndGlobal
